
Microsoft Visual Studio Solution File, Format Version 12.00
# Visual Studio Version 16
VisualStudioVersion = 16.0.30804.86
MinimumVisualStudioVersion = 10.0.40219.1
Project("{9A19103F-16F7-4668-BE54-9A1E7A4F7556}") = "Saber.Vendors.StressTest", "Saber.Vendors.StressTest.csproj", "{B4B1E565-16C5-440C-A3A9-9CF50E1F82F0}"
EndProject
Global
	GlobalSection(SolutionConfigurationPlatforms) = preSolution
		Debug|Any CPU = Debug|Any CPU
		Release|Any CPU = Release|Any CPU
	EndGlobalSection
	GlobalSection(ProjectConfigurationPlatforms) = postSolution
		{B4B1E565-16C5-440C-A3A9-9CF50E1F82F0}.Debug|Any CPU.ActiveCfg = Debug|Any CPU
		{B4B1E565-16C5-440C-A3A9-9CF50E1F82F0}.Debug|Any CPU.Build.0 = Debug|Any CPU
		{B4B1E565-16C5-440C-A3A9-9CF50E1F82F0}.Release|Any CPU.ActiveCfg = Release|Any CPU
		{B4B1E565-16C5-440C-A3A9-9CF50E1F82F0}.Release|Any CPU.Build.0 = Release|Any CPU
	EndGlobalSection
	GlobalSection(SolutionProperties) = preSolution
		HideSolutionNode = FALSE
	EndGlobalSection
	GlobalSection(ExtensibilityGlobals) = postSolution
		SolutionGuid = {ADA18E31-9764-4D39-A305-9F8A55C4B99C}
	EndGlobalSection
EndGlobal
